
Microsoft Visual Studio Solution File, Format Version 12.00
# Visual Studio Version 17
VisualStudioVersion = 17.2.32616.157
MinimumVisualStudioVersion = 10.0.40219.1
Project("{FAE04EC0-301F-11D3-BF4B-00C04F79EFBC}") = "Project 4 - Cafe", "Project 4 - Cafe\Project 4 - Cafe.csproj", "{943CAA0B-C250-43C2-AEAC-5584078ED860}"
EndProject
Global
	GlobalSection(SolutionConfigurationPlatforms) = preSolution
		Debug|Any CPU = Debug|Any CPU
		Release|Any CPU = Release|Any CPU
	EndGlobalSection
	GlobalSection(ProjectConfigurationPlatforms) = postSolution
		{943CAA0B-C250-43C2-AEAC-5584078ED860}.Debug|Any CPU.ActiveCfg = Debug|Any CPU
		{943CAA0B-C250-43C2-AEAC-5584078ED860}.Debug|Any CPU.Build.0 = Debug|Any CPU
		{943CAA0B-C250-43C2-AEAC-5584078ED860}.Release|Any CPU.ActiveCfg = Release|Any CPU
		{943CAA0B-C250-43C2-AEAC-5584078ED860}.Release|Any CPU.Build.0 = Release|Any CPU
	EndGlobalSection
	GlobalSection(SolutionProperties) = preSolution
		HideSolutionNode = FALSE
	EndGlobalSection
	GlobalSection(ExtensibilityGlobals) = postSolution
		SolutionGuid = {D5182EF4-BD19-46B0-A5C6-8283B7D04586}
	EndGlobalSection
EndGlobal
